# This file is automatically generated by `go mod tidy` during Docker build
# It is not committed to version control

github.com/bytedance/sonic v1.10.2/go.mod h1:iZcSUejLn5L+PgLatQKLc0xEfNuExorre2fonMlnBvc=
github.com/chenzhuoyu/base64x v0.0.0-20230717121745-296ad89f973d h1:77cEq6EriyTZ0g/qfRdp61a3Uu/AWrgQe979HPoquja=
github.com/chenzhuoyu/base64x v0.0.0-20230717121745-296ad89f973d/go.mod h1:8EPpVsBNU+mgcoacqC7jxnbQvxMg28Xwr8pOTDup+Y=
github.com/davecgh/go-spew v1.1.0/go.mod h1:J7Y8YcW2NihsgmVo/mv3lAwl/skON4iLHjSsI+c5H8=
github.com/davecgh/go-spew v1.1.1/go.mod h1:J7Y8YcW2NihsgmVo/mv3lAwl/skON4iLHjSsI+c5H8=
github.com/gabriel-vasile/mimetype v1.4.3 h1:in2uUcidCuFcDKtdcBqA5E9dc2ihRMLUaH3qnr5R20=
github.com/gabriel-vasile/mimetype v1.4.3/go.mod h1:d8uewVzwBAQRHtmcmg51DwW5sKL+TAJc404ltBdsboa=
github.com/gin-contrib/cors v1.5.0 h1:+MIXc+412EqnjXVcV42mJfUvfSDDs6cOorsIsQCRoA=
github.com/gin-contrib/cors v1.5.0/go.mod h1:LD9mYEUMMfI8dvsaBaklVRnLaTIx13g1C5ydKQEjWY=
github.com/gin-contrib/sse v0.1.0 h1:Y/yl/+YNO8GZSvPa1lMFrK84IAlFrkeSpkfoZzrrm8=
github.com/gin-contrib/sse v0.1.0/go.mod h1:RHrZDqNNVpxu3LlipMUcMvRvQWSKKEpk92gxTSQW9g=
github.com/gin-gonic/gin v1.9.1 h1:4idEAncQnU5cB7BeipZ1Fsj50NyBLfV50l+dkT23wI=
github.com/gin-gonic/gin v1.9.1/go.mod h1:hPrL7YrpYKXt5YId3xCiK7G0KJ5SVLMsAmP1Qy0oil=
github.com/go-playground/assert/v2 v2.2.0/go.mod h1:VDjEfimB/XKnb+ZQfWdccd7VUvScMdVu0Tvf+5Dqoo=
github.com/go-playground/locales v0.14.1 h1:EWaQ/wswScqo3gkjIKwQokIuzdKCIGuO3OzlWUa02E=
github.com/go-playground/locales v0.14.1/go.mod h1:hxrqLVvrK65+Rwrd5Fc6F2O76J/NuW9t0sjnWqG1slY=
github.com/go-playground/universal-translator v0.18.1 h1:Bcnm0ZwsGyWbxAxly3AiaCLDRm1eL9ZwCsVJB7aeqs=
github.com/go-playground/universal-translator v0.18.1/go.mod h1:xekY+UJKNuX7IYNNfmxBymuQKEosgf/KwYEtPlAqS0=
github.com/go-playground/validator/v10 v10.16.0 h1:x+DsMImdVe3tPFomNL11wPFF5D57Zqn0meeYWEQnX7U=
github.com/go-playground/validator/v10 v10.16.0/go.mod h1:9iRZkH3rIZm7oI3ZYSSf7FP0unqgzFlMNU+FN/ZAo4=
github.com/goccy/go-json v0.10.2 h1:CqznAP4fUXbeGzwxcPwNkO4aL/NwsrjyaffzsQNQSc=
github.com/goccy/go-json v0.10.2/go.mod h1:6MelG93GURQsLFErtEH/HA7hFW05Amplv3GETc3dBE=
github.com/google/go-cmp v0.5.5/go.mod h1:v8dTdLbMG2kIc/FSIx1P04D/gwwMsID2qvg13Vuj7o=
github.com/google/uuid v1.5.0 h1:1p67kYwdtXjb0gL0BPiP1Av9wiZPo5A8z2cWkTZ+eyU=
github.com/google/uuid v1.5.0/go.mod h1:TIyPZe4MgqvfeYDBFedMoGGpEw/LqYQczKBJo44odE8=
github.com/json-iterator/go v1.1.12 h1:PV8peI4a0ybnXySYo9KPVLhJJXSlqNlw+lHQtRsWP0=
github.com/json-iterator/go v1.1.12/go.mod h1:e30LSqwooZae7dTmzhMXKccySSMiRmixn9Grv2Tgea=
github.com/klauspost/cpuid/v2 v2.2.6 h1:ndNyv040zDGIOXLCKUJpV34FUzqcecil/EIYDvnRequo=
github.com/klauspost/cpuid/v2 v2.2.6/go.mod h1:Lcz8mBVAblVwhkpLink8ElYosuqBSUapT9x39zXejY=
github.com/leodido/go-urn v1.2.4 h1:XlAE/cm/ms7TE/VMVoduSpNBoyc2dOxHUiPmuvV1Cg=
github.com/leodido/go-urn v1.2.4/go.mod h1:7ZrI8mTSeBSHl/UaIbCMDBwy1nTylzwY3kstm9ISqE=
github.com/mattn/go-isatty v0.0.20 h1:xfD0iDuEKLC0E50KOMlAdLC34ooFJPsOQJpJ/9eO7o=
github.com/mattn/go-isatty v0.0.20/go.mod h1:W+V8PltTTMOvKvAeJH7IuMHDd+EWo8PcT5QoUCJ1hU=
github.com/modern-go/concurrent v0.0.0-20180228061459-e0a39a4cb421/go.mod h1:6dJC0mAP4ikYjZQD68ci2q1pDJcg1wrQolEG4 Länkar=
github.com/modern-go/concurrent v0.0.0-20180306012644-bacd9c7ef1dd h1:TRLaZ9cD/w8PVh93nsPXa1VrQ6jlwL5oN8l14QlcNfEw=
github.com/modern-go/concurrent v0.0.0-20180306012644-bacd9c7ef1dd/go.mod h1:6dJC0mAP4ikYjZQD68ci2q1pDJcg1wrQolEG4LLkcMs=
github.com/modern-go/reflect2 v1.0.2 h1:xBagoLtQV9AV1aKUm/DRbnjiYvWFvj5BXwoIwQ4pZw=
github.com/modern-go/reflect2 v1.0.2/go.mod h1:yWuevngMOJpCeKkxisEYKnoji+fqIrNvW1O0cxO1+M=
github.com/pelletier/go-toml/v2 v2.1.1 h1:LkeOrP8WvIJGaIPElLnsHe1h9B9t+HHYZLNjKWtdZE=
github.com/pelletier/go-toml/v2 v2.1.1/go.mod h1:tJU2Z3ZkXwnNkHBL2CGlYL3P+rO996gGiB9i9g8n3w=
github.com/pmezard/go-difflib v1.0.0/go.mod h1:iKH77koFhYxTK1pcRnkGLp1M8DdQ3/8ktjRGen9V5k=
github.com/stretchr/objx v0.1.0/go.mod h1:HFkY916IF+rwdDfVrVFflSmMnadS8hUF7A8H0q+pb0=
github.com/stretchr/objx v0.4.0/go.mod h1:YvHoP/8ndjf7VmhB8TSJkGVDRn2LYQwzyT+KPThPL4=
github.com/stretchr/testify v1.3.0/go.mod h1:M5WIy9Dv2NlZm5tfjIBC7n2PnkP2P8PoCglrJt2z7Q=
github.com/stretchr/testify v1.7.0/go.mod h1:6Fq8ohjok3Nyw5lrbnucV2UcLzlzQnluolf7I1maXM=
github.com/stretchr/testify v1.7.1/go.mod h1:6Fq8ohjok3Nyw5lrbnucV2UcLzlzQnluolf7I1maXM=
github.com/stretchr/testify v1.8.0/go.mod h1:yNjHg4UonilssWZ8iaSj1OCr/vHnekPRkoO+kdMU+MU=
github.com/stretchr/testify v1.8.4/go.mod h1:sz/wgYYOY7tQlDDG2qCqQsy/NLmf3UqMwu0qzlS6s8=
github.com/twitchyliquid64/golang-asm v0.15.1 h1:SU5vSMR7hnwNxj24w34ZsCi+/jK2rvEnkwbiW0saSE=
github.com/twitchyliquid64/golang-asm v0.15.1/go.mod h1:a1lVb/DtPvCB8fslRZktg7Xd81RDjr0PlJIs94gITQ=
github.com/ugorji/go/codec v1.2.12 h1:9LC83zGErr+eyHIc58PL3V8CjI0UVr9BcqkLDLVeBEE=
github.com/ugorji/go/codec v1.2.12/go.mod h1:UNzYGgn9KLmHpu989/20OJMnutSydkENkmy9pLs9KI=
golang.org/x/arch v0.0.0-20210923205945-b76863e36670/go.mod h1:5om86z9Hs0C8fYuLVnVSpVMo7YcIsiMzQV+f1nIy7A=
golang.org/x/arch v0.6.0 h1:S0JTfE9q1XEn8528O9+c0QMaWAXJ84SpgLiQ2E6FTM=
golang.org/x/arch v0.6.0/go.mod h1:FEVrU36+CnOMovj3DXMil+3qjpnSASRdIFk7xlr3kYk=
golang.org/x/crypto v0.17.0 h1:r8bRNjWL3GshPW2ftsOrYM3V3thAWNENxxieKflu0M=
golang.org/x/crypto v0.17.0/go.mod h1:gCAAfMLgwOJRpTjQ2zCCt2OcSfYMTeZVSRtQlPC7Nw=
golang.org/x/net v0.19.0 h1:zTwKpTd2XuCqf8huc7Fo2iSy+4RHPd10s8KWMKp+/Y=
golang.org/x/net v0.19.0/go.mod h1:CfAk/cbD4CthwYPA03NSLj7iff/Q9r0qvsEAApNwoJc=
golang.org/x/sync v0.0.0-20190423024810-112230192c58/go.mod h1:RxMgew5VJxzqeYCaydQCtQQM3BhtfL+v3N8tUKPUEo=
golang.org/x/sync v0.4.0 h1:zxkM55ReWVDu1aNXvUyckhzRB/_35nSiOWoWBcESDyE=
golang.org/x/sync v0.4.0/go.mod h1:FU7BRWz2tNW+3quACPkgCx/L+uEAP1eJf1VUUKpgFY=
golang.org/x/sys v0.0.0-20220704084225-05e143d24a9e/go.mod h1:oPkhp1MJrh7nUepCax/SPxIoEKPLLlO/8qu6dUS7TX0=
golang.org/x/sys v0.6.0/go.mod h1:oPkhp1MJrh7nUepCax/SPxIoEKPLLlO/8qu6dUS7TX0=
golang.org/x/sys v0.15.0 h1:frVn1UL+m8BzR6b6qLvstWYLOmKXo8N0NYS5QH86RA=
golang.org/x/sys v0.15.0/go.mod h1:/VUhepP7a5D34n0mNlrgQmVJ0GA/jVHrYHMKZsDMFc=
golang.org/x/text v0.13.0/go.mod h1:TvPlkZoBa1/bnneUOnd6THlI5OYSfSuxg94Sxsqwa9s=
golang.org/x/text v0.14.0 h1:ScX5w1eTa60QWvxStiynMnC235iMdeaAFagbooxqTvE=
golang.org/x/text v0.14.0/go.mod h1:18ZOQIKpY8NJVqYksKHtTdi31H5itlK7AixrA/0trTs=
golang.org/x/xerrors v0.0.0-20191204190536-9bdfabe68543/go.mod h1:I/5z698sn9Ka8TeJc9MKroUUfqBBauWjQqLJ2OPfmY0=
google.golang.org/protobuf v1.26.0-rc.1/go.mod h1:jlhhOSvTGBVJJUm05saEFqq41C7d4ByQ1levrJ4+OwU=
google.golang.org/protobuf v1.31.0 h1:g0LDEJHgrBl9N9r17Ru3sqWhkIx2NB67okBDKwwO9Y=
google.golang.org/protobuf v1.31.0/go.mod h1:HXhPsDUV97mKqnV3U3v5DhFBP+6CaL5v+2qjhwlLN0=
gopkg.in/check.v1 v0.0.0-20161208181325-20d25e280405/go.mod h1:Co6ibVJAznAaIkqp8huTwlPUGdeOFT18HV48pw6Y906k=
gopkg.in/yaml.v3 v3.0.0-20200313102051-9f266ea9e77c/go.mod h1:K4uyk7z7BCEPqu6E+C64Yfv1cQ7kz7rIZviUmN+EgEM=
gopkg.in/yaml.v3 v3.0.1 h1:fxVm/GzulhFknWhAI8bRVMJ9e4SiPmZSStsok+P1K5Y=
gopkg.in/yaml.v3 v3.0.1/go.mod h1:K4uyk7z7BCEPqu6E+C64Yfv1cQ7kz7rIZviUmN+EgEM=
